// !$*UTF8*$!
{
	archiveVersion = 1;
	classes = {
	};
	objectVersion = 50;
	objects = {

/* Begin PBXBuildFile section */
		598ED2342388D906008173BC /* AppDelegate.swift in Sources */ = {isa = PBXBuildFile; fileRef = 598ED2332388D906008173BC /* AppDelegate.swift */; };
		598ED2362388D906008173BC /* SceneDelegate.swift in Sources */ = {isa = PBXBuildFile; fileRef = 598ED2352388D906008173BC /* SceneDelegate.swift */; };
		598ED2382388D906008173BC /* ViewController.swift in Sources */ = {isa = PBXBuildFile; fileRef = 598ED2372388D906008173BC /* ViewController.swift */; };
		598ED23B2388D906008173BC /* Main.storyboard in Resources */ = {isa = PBXBuildFile; fileRef = 598ED2392388D906008173BC /* Main.storyboard */; };
		598ED23D2388D914008173BC /* Assets.xcassets in Resources */ = {isa = PBXBuildFile; fileRef = 598ED23C2388D914008173BC /* Assets.xcassets */; };
		598ED2402388D914008173BC /* LaunchScreen.storyboard in Resources */ = {isa = PBXBuildFile; fileRef = 598ED23E2388D914008173BC /* LaunchScreen.storyboard */; };
		598ED24B2388D915008173BC /* LocationTests.swift in Sources */ = {isa = PBXBuildFile; fileRef = 598ED24A2388D915008173BC /* LocationTests.swift */; };
		598ED2562388D915008173BC /* LocationUITests.swift in Sources */ = {isa = PBXBuildFile; fileRef = 598ED2552388D915008173BC /* LocationUITests.swift */; };
		598ED2652388E203008173BC /* CoreLocation.framework in Frameworks */ = {isa = PBXBuildFile; fileRef = 598ED2642388E203008173BC /* CoreLocation.framework */; };
/* End PBXBuildFile section */

/* Begin PBXContainerItemProxy section */
		598ED2472388D914008173BC /* PBXContainerItemProxy */ = {
			isa = PBXContainerItemProxy;
			containerPortal = 598ED2282388D905008173BC /* Project object */;
			proxyType = 1;
			remoteGlobalIDString = 598ED22F2388D905008173BC;
			remoteInfo = Location;
		};
		598ED2522388D915008173BC /* PBXContainerItemProxy */ = {
			isa = PBXContainerItemProxy;
			containerPortal = 598ED2282388D905008173BC /* Project object */;
			proxyType = 1;
			remoteGlobalIDString = 598ED22F2388D905008173BC;
			remoteInfo = Location;
		};
/* End PBXContainerItemProxy section */

/* Begin PBXFileReference section */
		598ED2302388D906008173BC /* Location.app */ = {isa = PBXFileReference; explicitFileType = wrapper.application; includeInIndex = 0; path = Location.app; sourceTree = BUILT_PRODUCTS_DIR; };
		598ED2332388D906008173BC /* AppDelegate.swift */ = {isa = PBXFileReference; lastKnownFileType = sourcecode.swift; path = AppDelegate.swift; sourceTree = "<group>"; };
		598ED2352388D906008173BC /* SceneDelegate.swift */ = {isa = PBXFileReference; lastKnownFileType = sourcecode.swift; path = SceneDelegate.swift; sourceTree = "<group>"; };
		598ED2372388D906008173BC /* ViewController.swift */ = {isa = PBXFileReference; lastKnownFileType = sourcecode.swift; path = ViewController.swift; sourceTree = "<group>"; };
		598ED23A2388D906008173BC /* Base */ = {isa = PBXFileReference; lastKnownFileType = file.storyboard; name = Base; path = Base.lproj/Main.storyboard; sourceTree = "<group>"; };
		598ED23C2388D914008173BC /* Assets.xcassets */ = {isa = PBXFileReference; lastKnownFileType = folder.assetcatalog; path = Assets.xcassets; sourceTree = "<group>"; };
		598ED23F2388D914008173BC /* Base */ = {isa = PBXFileReference; lastKnownFileType = file.storyboard; name = Base; path = Base.lproj/LaunchScreen.storyboard; sourceTree = "<group>"; };
		598ED2412388D914008173BC /* Info.plist */ = {isa = PBXFileReference; lastKnownFileType = text.plist.xml; path = Info.plist; sourceTree = "<group>"; };
		598ED2462388D914008173BC /* LocationTests.xctest */ = {isa = PBXFileReference; explicitFileType = wrapper.cfbundle; includeInIndex = 0; path = LocationTests.xctest; sourceTree = BUILT_PRODUCTS_DIR; };
		598ED24A2388D915008173BC /* LocationTests.swift */ = {isa = PBXFileReference; lastKnownFileType = sourcecode.swift; path = LocationTests.swift; sourceTree = "<group>"; };
		598ED24C2388D915008173BC /* Info.plist */ = {isa = PBXFileReference; lastKnownFileType = text.plist.xml; path = Info.plist; sourceTree = "<group>"; };
		598ED2512388D915008173BC /* LocationUITests.xctest */ = {isa = PBXFileReference; explicitFileType = wrapper.cfbundle; includeInIndex = 0; path = LocationUITests.xctest; sourceTree = BUILT_PRODUCTS_DIR; };
		598ED2552388D915008173BC /* LocationUITests.swift */ = {isa = PBXFileReference; lastKnownFileType = sourcecode.swift; path = LocationUITests.swift; sourceTree = "<group>"; };
		598ED2572388D915008173BC /* Info.plist */ = {isa = PBXFileReference; lastKnownFileType = text.plist.xml; path = Info.plist; sourceTree = "<group>"; };
		598ED2642388E203008173BC /* CoreLocation.framework */ = {isa = PBXFileReference; lastKnownFileType = wrapper.framework; name = CoreLocation.framework; path = System/Library/Frameworks/CoreLocation.framework; sourceTree = SDKROOT; };
/* End PBXFileReference section */

/* Begin PBXFrameworksBuildPhase section */
		598ED22D2388D905008173BC /* Frameworks */ = {
			isa = PBXFrameworksBuildPhase;
			buildActionMask = 2147483647;
			files = (
				598ED2652388E203008173BC /* CoreLocation.framework in Frameworks */,
			);
			runOnlyForDeploymentPostprocessing = 0;
		};
		598ED2432388D914008173BC /* Frameworks */ = {
			isa = PBXFrameworksBuildPhase;
			buildActionMask = 2147483647;
			files = (
			);
			runOnlyForDeploymentPostprocessing = 0;
		};
		598ED24E2388D915008173BC /* Frameworks */ = {
			isa = PBXFrameworksBuildPhase;
			buildActionMask = 2147483647;
			files = (
			);
			runOnlyForDeploymentPostprocessing = 0;
		};
/* End PBXFrameworksBuildPhase section */

/* Begin PBXGroup section */
		598ED2272388D905008173BC = {
			isa = PBXGroup;
			children = (
				598ED2322388D906008173BC /* Location */,
				598ED2492388D915008173BC /* LocationTests */,
				598ED2542388D915008173BC /* LocationUITests */,
				598ED2312388D906008173BC /* Products */,
				598ED2632388E203008173BC /* Frameworks */,
			);
			sourceTree = "<group>";
		};
		598ED2312388D906008173BC /* Products */ = {
			isa = PBXGroup;
			children = (
				598ED2302388D906008173BC /* Location.app */,
				598ED2462388D914008173BC /* LocationTests.xctest */,
				598ED2512388D915008173BC /* LocationUITests.xctest */,
			);
			name = Products;
			sourceTree = "<group>";
		};
		598ED2322388D906008173BC /* Location */ = {
			isa = PBXGroup;
			children = (
				598ED2332388D906008173BC /* AppDelegate.swift */,
				598ED2352388D906008173BC /* SceneDelegate.swift */,
				598ED2372388D906008173BC /* ViewController.swift */,
				598ED2392388D906008173BC /* Main.storyboard */,
				598ED23C2388D914008173BC /* Assets.xcassets */,
				598ED23E2388D914008173BC /* LaunchScreen.storyboard */,
				598ED2412388D914008173BC /* Info.plist */,
			);
			path = Location;
			sourceTree = "<group>";
		};
		598ED2492388D915008173BC /* LocationTests */ = {
			isa = PBXGroup;
			children = (
				598ED24A2388D915008173BC /* LocationTests.swift */,
				598ED24C2388D915008173BC /* Info.plist */,
			);
			path = LocationTests;
			sourceTree = "<group>";
		};
		598ED2542388D915008173BC /* LocationUITests */ = {
			isa = PBXGroup;
			children = (
				598ED2552388D915008173BC /* LocationUITests.swift */,
				598ED2572388D915008173BC /* Info.plist */,
			);
			path = LocationUITests;
			sourceTree = "<group>";
		};
		598ED2632388E203008173BC /* Frameworks */ = {
			isa = PBXGroup;
			children = (
				598ED2642388E203008173BC /* CoreLocation.framework */,
			);
			name = Frameworks;
			sourceTree = "<group>";
		};
/* End PBXGroup section */

/* Begin PBXNativeTarget section */
		598ED22F2388D905008173BC /* Location */ = {
			isa = PBXNativeTarget;
			buildConfigurationList = 598ED25A2388D915008173BC /* Build configuration list for PBXNativeTarget "Location" */;
			buildPhases = (
				598ED22C2388D905008173BC /* Sources */,
				598ED22D2388D905008173BC /* Frameworks */,
				598ED22E2388D905008173BC /* Resources */,
			);
			buildRules = (
			);
			dependencies = (
			);
			name = Location;
			productName = Location;
			productReference = 598ED2302388D906008173BC /* Location.app */;
			productType = "com.apple.product-type.application";
		};
		598ED2452388D914008173BC /* LocationTests */ = {
			isa = PBXNativeTarget;
			buildConfigurationList = 598ED25D2388D915008173BC /* Build configuration list for PBXNativeTarget "LocationTests" */;
			buildPhases = (
				598ED2422388D914008173BC /* Sources */,
				598ED2432388D914008173BC /* Frameworks */,
				598ED2442388D914008173BC /* Resources */,
			);
			buildRules = (
			);
			dependencies = (
				598ED2482388D914008173BC /* PBXTargetDependency */,
			);
			name = LocationTests;
			productName = LocationTests;
			productReference = 598ED2462388D914008173BC /* LocationTests.xctest */;
			productType = "com.apple.product-type.bundle.unit-test";
		};
		598ED2502388D915008173BC /* LocationUITests */ = {
			isa = PBXNativeTarget;
			buildConfigurationList = 598ED2602388D915008173BC /* Build configuration list for PBXNativeTarget "LocationUITests" */;
			buildPhases = (
				598ED24D2388D915008173BC /* Sources */,
				598ED24E2388D915008173BC /* Frameworks */,
				598ED24F2388D915008173BC /* Resources */,
			);
			buildRules = (
			);
			dependencies = (
				598ED2532388D915008173BC /* PBXTargetDependency */,
			);
			name = LocationUITests;
			productName = LocationUITests;
			productReference = 598ED2512388D915008173BC /* LocationUITests.xctest */;
			productType = "com.apple.product-type.bundle.ui-testing";
		};
/* End PBXNativeTarget section */

/* Begin PBXProject section */
		598ED2282388D905008173BC /* Project object */ = {
			isa = PBXProject;
			attributes = {
				LastSwiftUpdateCheck = 1120;
				LastUpgradeCheck = 1240;
				ORGANIZATIONNAME = "TSUBUSAKI AKIHIRO";
				TargetAttributes = {
					598ED22F2388D905008173BC = {
						CreatedOnToolsVersion = 11.2.1;
					};
					598ED2452388D914008173BC = {
						CreatedOnToolsVersion = 11.2.1;
						TestTargetID = 598ED22F2388D905008173BC;
					};
					598ED2502388D915008173BC = {
						CreatedOnToolsVersion = 11.2.1;
						TestTargetID = 598ED22F2388D905008173BC;
					};
				};
			};
			buildConfigurationList = 598ED22B2388D905008173BC /* Build configuration list for PBXProject "Location" */;
			compatibilityVersion = "Xcode 9.3";
			developmentRegion = en;
			hasScannedForEncodings = 0;
			knownRegions = (
				en,
				Base,
			);
			mainGroup = 598ED2272388D905008173BC;
			productRefGroup = 598ED2312388D906008173BC /* Products */;
			projectDirPath = "";
			projectRoot = "";
			targets = (
				598ED22F2388D905008173BC /* Location */,
				598ED2452388D914008173BC /* LocationTests */,
				598ED2502388D915008173BC /* LocationUITests */,
			);
		};
/* End PBXProject section */

/* Begin PBXResourcesBuildPhase section */
		598ED22E2388D905008173BC /* Resources */ = {
			isa = PBXResourcesBuildPhase;
			buildActionMask = 2147483647;
			files = (
				598ED2402388D914008173BC /* LaunchScreen.storyboard in Resources */,
				598ED23D2388D914008173BC /* Assets.xcassets in Resources */,
				598ED23B2388D906008173BC /* Main.storyboard in Resources */,
			);
			runOnlyForDeploymentPostprocessing = 0;
		};
		598ED2442388D914008173BC /* Resources */ = {
			isa = PBXResourcesBuildPhase;
			buildActionMask = 2147483647;
			files = (
			);
			runOnlyForDeploymentPostprocessing = 0;
		};
		598ED24F2388D915008173BC /* Resources */ = {
			isa = PBXResourcesBuildPhase;
			buildActionMask = 2147483647;
			files = (
			);
			runOnlyForDeploymentPostprocessing = 0;
		};
/* End PBXResourcesBuildPhase section */

/* Begin PBXSourcesBuildPhase section */
		598ED22C2388D905008173BC /* Sources */ = {
			isa = PBXSourcesBuildPhase;
			buildActionMask = 2147483647;
			files = (
				598ED2382388D906008173BC /* ViewController.swift in Sources */,
				598ED2342388D906008173BC /* AppDelegate.swift in Sources */,
				598ED2362388D906008173BC /* SceneDelegate.swift in Sources */,
			);
			runOnlyForDeploymentPostprocessing = 0;
		};
		598ED2422388D914008173BC /* Sources */ = {
			isa = PBXSourcesBuildPhase;
			buildActionMask = 2147483647;
			files = (
				598ED24B2388D915008173BC /* LocationTests.swift in Sources */,
			);
			runOnlyForDeploymentPostprocessing = 0;
		};
		598ED24D2388D915008173BC /* Sources */ = {
			isa = PBXSourcesBuildPhase;
			buildActionMask = 2147483647;
			files = (
				598ED2562388D915008173BC /* LocationUITests.swift in Sources */,
			);
			runOnlyForDeploymentPostprocessing = 0;
		};
/* End PBXSourcesBuildPhase section */

/* Begin PBXTargetDependency section */
		598ED2482388D914008173BC /* PBXTargetDependency */ = {
			isa = PBXTargetDependency;
			target = 598ED22F2388D905008173BC /* Location */;
			targetProxy = 598ED2472388D914008173BC /* PBXContainerItemProxy */;
		};
		598ED2532388D915008173BC /* PBXTargetDependency */ = {
			isa = PBXTargetDependency;
			target = 598ED22F2388D905008173BC /* Location */;
			targetProxy = 598ED2522388D915008173BC /* PBXContainerItemProxy */;
		};
/* End PBXTargetDependency section */

/* Begin PBXVariantGroup section */
		598ED2392388D906008173BC /* Main.storyboard */ = {
			isa = PBXVariantGroup;
			children = (
				598ED23A2388D906008173BC /* Base */,
			);
			name = Main.storyboard;
			sourceTree = "<group>";
		};
		598ED23E2388D914008173BC /* LaunchScreen.storyboard */ = {
			isa = PBXVariantGroup;
			children = (
				598ED23F2388D914008173BC /* Base */,
			);
			name = LaunchScreen.storyboard;
			sourceTree = "<group>";
		};
/* End PBXVariantGroup section */

/* Begin XCBuildConfiguration section */
		598ED2582388D915008173BC /* Debug */ = {
			isa = XCBuildConfiguration;
			buildSettings = {
				ALWAYS_SEARCH_USER_PATHS = NO;
				CLANG_ANALYZER_NONNULL = YES;
				CLANG_ANALYZER_NUMBER_OBJECT_CONVERSION = YES_AGGRESSIVE;
				CLANG_CXX_LANGUAGE_STANDARD = "gnu++14";
				CLANG_CXX_LIBRARY = "libc++";
				CLANG_ENABLE_MODULES = YES;
				CLANG_ENABLE_OBJC_ARC = YES;
				CLANG_ENABLE_OBJC_WEAK = YES;
				CLANG_WARN_BLOCK_CAPTURE_AUTORELEASING = YES;
				CLANG_WARN_BOOL_CONVERSION = YES;
				CLANG_WARN_COMMA = YES;
				CLANG_WARN_CONSTANT_CONVERSION = YES;
				CLANG_WARN_DEPRECATED_OBJC_IMPLEMENTATIONS = YES;
				CLANG_WARN_DIRECT_OBJC_ISA_USAGE = YES_ERROR;
				CLANG_WARN_DOCUMENTATION_COMMENTS = YES;
				CLANG_WARN_EMPTY_BODY = YES;
				CLANG_WARN_ENUM_CONVERSION = YES;
				CLANG_WARN_INFINITE_RECURSION = YES;
				CLANG_WARN_INT_CONVERSION = YES;
				CLANG_WARN_NON_LITERAL_NULL_CONVERSION = YES;
				CLANG_WARN_OBJC_IMPLICIT_RETAIN_SELF = YES;
				CLANG_WARN_OBJC_LITERAL_CONVERSION = YES;
				CLANG_WARN_OBJC_ROOT_CLASS = YES_ERROR;
				CLANG_WARN_QUOTED_INCLUDE_IN_FRAMEWORK_HEADER = YES;
				CLANG_WARN_RANGE_LOOP_ANALYSIS = YES;
				CLANG_WARN_STRICT_PROTOTYPES = YES;
				CLANG_WARN_SUSPICIOUS_MOVE = YES;
				CLANG_WARN_UNGUARDED_AVAILABILITY = YES_AGGRESSIVE;
				CLANG_WARN_UNREACHABLE_CODE = YES;
				CLANG_WARN__DUPLICATE_METHOD_MATCH = YES;
				COPY_PHASE_STRIP = NO;
				DEBUG_INFORMATION_FORMAT = dwarf;
				ENABLE_STRICT_OBJC_MSGSEND = YES;
				ENABLE_TESTABILITY = YES;
				GCC_C_LANGUAGE_STANDARD = gnu11;
				GCC_DYNAMIC_NO_PIC = NO;
				GCC_NO_COMMON_BLOCKS = YES;
				GCC_OPTIMIZATION_LEVEL = 0;
				GCC_PREPROCESSOR_DEFINITIONS = (
					"DEBUG=1",
					"$(inherited)",
				);
				GCC_WARN_64_TO_32_BIT_CONVERSION = YES;
				GCC_WARN_ABOUT_RETURN_TYPE = YES_ERROR;
				GCC_WARN_UNDECLARED_SELECTOR = YES;
				GCC_WARN_UNINITIALIZED_AUTOS = YES_AGGRESSIVE;
				GCC_WARN_UNUSED_FUNCTION = YES;
				GCC_WARN_UNUSED_VARIABLE = YES;
				IPHONEOS_DEPLOYMENT_TARGET = 13.0;
				MTL_ENABLE_DEBUG_INFO = INCLUDE_SOURCE;
				MTL_FAST_MATH = YES;
				ONLY_ACTIVE_ARCH = YES;
				SDKROOT = iphoneos;
				SWIFT_ACTIVE_COMPILATION_CONDITIONS = DEBUG;
				SWIFT_OPTIMIZATION_LEVEL = "-Onone";
			};
			name = Debug;
		};
		598ED2592388D915008173BC /* Release */ = {
			isa = XCBuildConfiguration;
			buildSettings = {
				ALWAYS_SEARCH_USER_PATHS = NO;
				CLANG_ANALYZER_NONNULL = YES;
				CLANG_ANALYZER_NUMBER_OBJECT_CONVERSION = YES_AGGRESSIVE;
				CLANG_CXX_LANGUAGE_STANDARD = "gnu++14";
				CLANG_CXX_LIBRARY = "libc++";
				CLANG_ENABLE_MODULES = YES;
				CLANG_ENABLE_OBJC_ARC = YES;
				CLANG_ENABLE_OBJC_WEAK = YES;
				CLANG_WARN_BLOCK_CAPTURE_AUTORELEASING = YES;
				CLANG_WARN_BOOL_CONVERSION = YES;
				CLANG_WARN_COMMA = YES;
				CLANG_WARN_CONSTANT_CONVERSION = YES;
				CLANG_WARN_DEPRECATED_OBJC_IMPLEMENTATIONS = YES;
				CLANG_WARN_DIRECT_OBJC_ISA_USAGE = YES_ERROR;
				CLANG_WARN_DOCUMENTATION_COMMENTS = YES;
				CLANG_WARN_EMPTY_BODY = YES;
				CLANG_WARN_ENUM_CONVERSION = YES;
				CLANG_WARN_INFINITE_RECURSION = YES;
				CLANG_WARN_INT_CONVERSION = YES;
				CLANG_WARN_NON_LITERAL_NULL_CONVERSION = YES;
				CLANG_WARN_OBJC_IMPLICIT_RETAIN_SELF = YES;
				CLANG_WARN_OBJC_LITERAL_CONVERSION = YES;
				CLANG_WARN_OBJC_ROOT_CLASS = YES_ERROR;
				CLANG_WARN_QUOTED_INCLUDE_IN_FRAMEWORK_HEADER = YES;
				CLANG_WARN_RANGE_LOOP_ANALYSIS = YES;
				CLANG_WARN_STRICT_PROTOTYPES = YES;
				CLANG_WARN_SUSPICIOUS_MOVE = YES;
				CLANG_WARN_UNGUARDED_AVAILABILITY = YES_AGGRESSIVE;
				CLANG_WARN_UNREACHABLE_CODE = YES;
				CLANG_WARN__DUPLICATE_METHOD_MATCH = YES;
				COPY_PHASE_STRIP = NO;
				DEBUG_INFORMATION_FORMAT = "dwarf-with-dsym";
				ENABLE_NS_ASSERTIONS = NO;
				ENABLE_STRICT_OBJC_MSGSEND = YES;
				GCC_C_LANGUAGE_STANDARD = gnu11;
				GCC_NO_COMMON_BLOCKS = YES;
				GCC_WARN_64_TO_32_BIT_CONVERSION = YES;
				GCC_WARN_ABOUT_RETURN_TYPE = YES_ERROR;
				GCC_WARN_UNDECLARED_SELECTOR = YES;
				GCC_WARN_UNINITIALIZED_AUTOS = YES_AGGRESSIVE;
				GCC_WARN_UNUSED_FUNCTION = YES;
				GCC_WARN_UNUSED_VARIABLE = YES;
				IPHONEOS_DEPLOYMENT_TARGET = 13.0;
				MTL_ENABLE_DEBUG_INFO = NO;
				MTL_FAST_MATH = YES;
				SDKROOT = iphoneos;
				SWIFT_COMPILATION_MODE = wholemodule;
				SWIFT_OPTIMIZATION_LEVEL = "-O";
				VALIDATE_PRODUCT = YES;
			};
			name = Release;
		};
		598ED25B2388D915008173BC /* Debug */ = {
			isa = XCBuildConfiguration;
			buildSettings = {
				ASSETCATALOG_COMPILER_APPICON_NAME = AppIcon;
				CODE_SIGN_STYLE = Automatic;
				DEVELOPMENT_TEAM = 35586988N7;
				INFOPLIST_FILE = Location/Info.plist;
				LD_RUNPATH_SEARCH_PATHS = (
					"$(inherited)",
					"@executable_path/Frameworks",
				);
				PRODUCT_BUNDLE_IDENTIFIER = jp.vyeah.Location;
				PRODUCT_NAME = "$(TARGET_NAME)";
				SWIFT_VERSION = 5.0;
				TARGETED_DEVICE_FAMILY = "1,2";
			};
			name = Debug;
		};
		598ED25C2388D915008173BC /* Release */ = {
			isa = XCBuildConfiguration;
			buildSettings = {
				ASSETCATALOG_COMPILER_APPICON_NAME = AppIcon;
				CODE_SIGN_STYLE = Automatic;
				DEVELOPMENT_TEAM = 35586988N7;
				INFOPLIST_FILE = Location/Info.plist;
				LD_RUNPATH_SEARCH_PATHS = (
					"$(inherited)",
					"@executable_path/Frameworks",
				);
				PRODUCT_BUNDLE_IDENTIFIER = jp.vyeah.Location;
				PRODUCT_NAME = "$(TARGET_NAME)";
				SWIFT_VERSION = 5.0;
				TARGETED_DEVICE_FAMILY = "1,2";
			};
			name = Release;
		};
		598ED25E2388D915008173BC /* Debug */ = {
			isa = XCBuildConfiguration;
			buildSettings = {
				ALWAYS_EMBED_SWIFT_STANDARD_LIBRARIES = YES;
				BUNDLE_LOADER = "$(TEST_HOST)";
				CODE_SIGN_STYLE = Automatic;
				DEVELOPMENT_TEAM = 35586988N7;
				INFOPLIST_FILE = LocationTests/Info.plist;
				IPHONEOS_DEPLOYMENT_TARGET = 13.2;
				LD_RUNPATH_SEARCH_PATHS = (
					"$(inherited)",
					"@executable_path/Frameworks",
					"@loader_path/Frameworks",
				);
				PRODUCT_BUNDLE_IDENTIFIER = jp.vyeah.LocationTests;
				PRODUCT_NAME = "$(TARGET_NAME)";
				SWIFT_VERSION = 5.0;
				TARGETED_DEVICE_FAMILY = "1,2";
				TEST_HOST = "$(BUILT_PRODUCTS_DIR)/Location.app/Location";
			};
			name = Debug;
		};
		598ED25F2388D915008173BC /* Release */ = {
			isa = XCBuildConfiguration;
			buildSettings = {
				ALWAYS_EMBED_SWIFT_STANDARD_LIBRARIES = YES;
				BUNDLE_LOADER = "$(TEST_HOST)";
				CODE_SIGN_STYLE = Automatic;
				DEVELOPMENT_TEAM = 35586988N7;
				INFOPLIST_FILE = LocationTests/Info.plist;
				IPHONEOS_DEPLOYMENT_TARGET = 13.2;
				LD_RUNPATH_SEARCH_PATHS = (
					"$(inherited)",
					"@executable_path/Frameworks",
					"@loader_path/Frameworks",
				);
				PRODUCT_BUNDLE_IDENTIFIER = jp.vyeah.LocationTests;
				PRODUCT_NAME = "$(TARGET_NAME)";
				SWIFT_VERSION = 5.0;
				TARGETED_DEVICE_FAMILY = "1,2";
				TEST_HOST = "$(BUILT_PRODUCTS_DIR)/Location.app/Location";
			};
			name = Release;
		};
		598ED2612388D915008173BC /* Debug */ = {
			isa = XCBuildConfiguration;
			buildSettings = {
				ALWAYS_EMBED_SWIFT_STANDARD_LIBRARIES = YES;
				CODE_SIGN_STYLE = Automatic;
				DEVELOPMENT_TEAM = 35586988N7;
				INFOPLIST_FILE = LocationUITests/Info.plist;
				LD_RUNPATH_SEARCH_PATHS = (
					"$(inherited)",
					"@executable_path/Frameworks",
					"@loader_path/Frameworks",
				);
				PRODUCT_BUNDLE_IDENTIFIER = jp.vyeah.LocationUITests;
				PRODUCT_NAME = "$(TARGET_NAME)";
				SWIFT_VERSION = 5.0;
				TARGETED_DEVICE_FAMILY = "1,2";
				TEST_TARGET_NAME = Location;
			};
			name = Debug;
		};
		598ED2622388D915008173BC /* Release */ = {
			isa = XCBuildConfiguration;
			buildSettings = {
				ALWAYS_EMBED_SWIFT_STANDARD_LIBRARIES = YES;
				CODE_SIGN_STYLE = Automatic;
				DEVELOPMENT_TEAM = 35586988N7;
				INFOPLIST_FILE = LocationUITests/Info.plist;
				LD_RUNPATH_SEARCH_PATHS = (
					"$(inherited)",
					"@executable_path/Frameworks",
					"@loader_path/Frameworks",
				);
				PRODUCT_BUNDLE_IDENTIFIER = jp.vyeah.LocationUITests;
				PRODUCT_NAME = "$(TARGET_NAME)";
				SWIFT_VERSION = 5.0;
				TARGETED_DEVICE_FAMILY = "1,2";
				TEST_TARGET_NAME = Location;
			};
			name = Release;
		};
/* End XCBuildConfiguration section */

/* Begin XCConfigurationList section */
		598ED22B2388D905008173BC /* Build configuration list for PBXProject "Location" */ = {
			isa = XCConfigurationList;
			buildConfigurations = (
				598ED2582388D915008173BC /* Debug */,
				598ED2592388D915008173BC /* Release */,
			);
			defaultConfigurationIsVisible = 0;
			defaultConfigurationName = Release;
		};
		598ED25A2388D915008173BC /* Build configuration list for PBXNativeTarget "Location" */ = {
			isa = XCConfigurationList;
			buildConfigurations = (
				598ED25B2388D915008173BC /* Debug */,
				598ED25C2388D915008173BC /* Release */,
			);
			defaultConfigurationIsVisible = 0;
			defaultConfigurationName = Release;
		};
		598ED25D2388D915008173BC /* Build configuration list for PBXNativeTarget "LocationTests" */ = {
			isa = XCConfigurationList;
			buildConfigurations = (
				598ED25E2388D915008173BC /* Debug */,
				598ED25F2388D915008173BC /* Release */,
			);
			defaultConfigurationIsVisible = 0;
			defaultConfigurationName = Release;
		};
		598ED2602388D915008173BC /* Build configuration list for PBXNativeTarget "LocationUITests" */ = {
			isa = XCConfigurationList;
			buildConfigurations = (
				598ED2612388D915008173BC /* Debug */,
				598ED2622388D915008173BC /* Release */,
			);
			defaultConfigurationIsVisible = 0;
			defaultConfigurationName = Release;
		};
/* End XCConfigurationList section */
	};
	rootObject = 598ED2282388D905008173BC /* Project object */;
}
